
Microsoft Visual Studio Solution File, Format Version 12.00
# Visual Studio 15
VisualStudioVersion = 15.0.28307.136
MinimumVisualStudioVersion = 10.0.40219.1
Project("{9A19103F-16F7-4668-BE54-9A1E7A4F7556}") = "FreeSpeak", "FreeSpeak\FreeSpeak.csproj", "{C7B168D2-5B53-49DA-8FFD-D14A4B926C66}"
EndProject
Project("{9A19103F-16F7-4668-BE54-9A1E7A4F7556}") = "FreeSpeak.Protocols.TeamSpeak", "FreeSpeak.Protocols.TeamSpeak\FreeSpeak.Protocols.TeamSpeak.csproj", "{6A9EA922-EA88-4784-8960-94CBD113438C}"
EndProject
Project("{9A19103F-16F7-4668-BE54-9A1E7A4F7556}") = "FreeSpeak.Protocols.TeamSpeak.Tests", "FreeSpeak.Protocols.TeamSpeak.Tests\FreeSpeak.Protocols.TeamSpeak.Tests.csproj", "{08C16473-0DBF-4CEE-86DD-6E52D4FB8D87}"
EndProject
Project("{FAE04EC0-301F-11D3-BF4B-00C04F79EFBC}") = "FreeSpeak.Servers", "FreeSpeak.Servers\FreeSpeak.Servers.csproj", "{1E5FB1C2-7414-4C68-A856-476B1698DCEF}"
EndProject
Project("{FAE04EC0-301F-11D3-BF4B-00C04F79EFBC}") = "FreeSpeak.Servers.TeamSpeak", "FreeSpeak.Servers.TeamSpeak\FreeSpeak.Servers.TeamSpeak.csproj", "{095D4B81-030E-4A67-ACF4-8A2D47A0913A}"
EndProject
Global
	GlobalSection(SolutionConfigurationPlatforms) = preSolution
		Debug|Any CPU = Debug|Any CPU
		Release|Any CPU = Release|Any CPU
	EndGlobalSection
	GlobalSection(ProjectConfigurationPlatforms) = postSolution
		{C7B168D2-5B53-49DA-8FFD-D14A4B926C66}.Debug|Any CPU.ActiveCfg = Debug|Any CPU
		{C7B168D2-5B53-49DA-8FFD-D14A4B926C66}.Debug|Any CPU.Build.0 = Debug|Any CPU
		{C7B168D2-5B53-49DA-8FFD-D14A4B926C66}.Release|Any CPU.ActiveCfg = Release|Any CPU
		{C7B168D2-5B53-49DA-8FFD-D14A4B926C66}.Release|Any CPU.Build.0 = Release|Any CPU
		{6A9EA922-EA88-4784-8960-94CBD113438C}.Debug|Any CPU.ActiveCfg = Debug|Any CPU
		{6A9EA922-EA88-4784-8960-94CBD113438C}.Debug|Any CPU.Build.0 = Debug|Any CPU
		{6A9EA922-EA88-4784-8960-94CBD113438C}.Release|Any CPU.ActiveCfg = Release|Any CPU
		{6A9EA922-EA88-4784-8960-94CBD113438C}.Release|Any CPU.Build.0 = Release|Any CPU
		{08C16473-0DBF-4CEE-86DD-6E52D4FB8D87}.Debug|Any CPU.ActiveCfg = Debug|Any CPU
		{08C16473-0DBF-4CEE-86DD-6E52D4FB8D87}.Debug|Any CPU.Build.0 = Debug|Any CPU
		{08C16473-0DBF-4CEE-86DD-6E52D4FB8D87}.Release|Any CPU.ActiveCfg = Release|Any CPU
		{08C16473-0DBF-4CEE-86DD-6E52D4FB8D87}.Release|Any CPU.Build.0 = Release|Any CPU
		{1E5FB1C2-7414-4C68-A856-476B1698DCEF}.Debug|Any CPU.ActiveCfg = Debug|Any CPU
		{1E5FB1C2-7414-4C68-A856-476B1698DCEF}.Debug|Any CPU.Build.0 = Debug|Any CPU
		{1E5FB1C2-7414-4C68-A856-476B1698DCEF}.Release|Any CPU.ActiveCfg = Release|Any CPU
		{1E5FB1C2-7414-4C68-A856-476B1698DCEF}.Release|Any CPU.Build.0 = Release|Any CPU
		{095D4B81-030E-4A67-ACF4-8A2D47A0913A}.Debug|Any CPU.ActiveCfg = Debug|Any CPU
		{095D4B81-030E-4A67-ACF4-8A2D47A0913A}.Debug|Any CPU.Build.0 = Debug|Any CPU
		{095D4B81-030E-4A67-ACF4-8A2D47A0913A}.Release|Any CPU.ActiveCfg = Release|Any CPU
		{095D4B81-030E-4A67-ACF4-8A2D47A0913A}.Release|Any CPU.Build.0 = Release|Any CPU
	EndGlobalSection
	GlobalSection(SolutionProperties) = preSolution
		HideSolutionNode = FALSE
	EndGlobalSection
	GlobalSection(ExtensibilityGlobals) = postSolution
		SolutionGuid = {E6A8A46B-54A3-4A87-BFC1-95551A81115A}
	EndGlobalSection
EndGlobal
